// !$*UTF8*$!
{
	archiveVersion = 1;
	classes = {
	};
	objectVersion = 48;
	objects = {

/* Begin PBXBuildFile section */
		E5279EC92038B77E00939E6D /* UserDefaultsHelper.swift in Sources */ = {isa = PBXBuildFile; fileRef = E5279EC82038B77E00939E6D /* UserDefaultsHelper.swift */; };
		E5279ECB2038CBDA00939E6D /* CoreDataController.swift in Sources */ = {isa = PBXBuildFile; fileRef = E5279ECA2038CBDA00939E6D /* CoreDataController.swift */; };
		E5279ECF20395A7700939E6D /* PersistendPhotoExtensions.swift in Sources */ = {isa = PBXBuildFile; fileRef = E5279ECE20395A7700939E6D /* PersistendPhotoExtensions.swift */; };
		E5279ED120395BBF00939E6D /* CoreDataController+AutoSaving.swift in Sources */ = {isa = PBXBuildFile; fileRef = E5279ED020395BBF00939E6D /* CoreDataController+AutoSaving.swift */; };
		E5279ED320395BF300939E6D /* CoreDataController+MapPinCRUD.swift in Sources */ = {isa = PBXBuildFile; fileRef = E5279ED220395BF300939E6D /* CoreDataController+MapPinCRUD.swift */; };
		E5279EDA2039AD8000939E6D /* CoreDataController+PersistedPhotoCRUD.swift in Sources */ = {isa = PBXBuildFile; fileRef = E5279ED92039AD8000939E6D /* CoreDataController+PersistedPhotoCRUD.swift */; };
		E5279EDC2039AF9D00939E6D /* PersistenceError.swift in Sources */ = {isa = PBXBuildFile; fileRef = E5279EDB2039AF9D00939E6D /* PersistenceError.swift */; };
		E5279EDF2039BE5800939E6D /* MapPinExtensions.swift in Sources */ = {isa = PBXBuildFile; fileRef = E5279EDE2039BE5800939E6D /* MapPinExtensions.swift */; };
		E551FD8B203DB94400D6DFB5 /* CLLocationCoordinate2DExtensions.swift in Sources */ = {isa = PBXBuildFile; fileRef = E551FD8A203DB94400D6DFB5 /* CLLocationCoordinate2DExtensions.swift */; };
		E597834420351A5000A88008 /* AppDelegate.swift in Sources */ = {isa = PBXBuildFile; fileRef = E597834320351A5000A88008 /* AppDelegate.swift */; };
		E597834920351A5000A88008 /* Main.storyboard in Resources */ = {isa = PBXBuildFile; fileRef = E597834720351A5000A88008 /* Main.storyboard */; };
		E597834C20351A5000A88008 /* VirtualTourist.xcdatamodeld in Sources */ = {isa = PBXBuildFile; fileRef = E597834A20351A5000A88008 /* VirtualTourist.xcdatamodeld */; };
		E597834E20351A5000A88008 /* Assets.xcassets in Resources */ = {isa = PBXBuildFile; fileRef = E597834D20351A5000A88008 /* Assets.xcassets */; };
		E597835120351A5000A88008 /* LaunchScreen.storyboard in Resources */ = {isa = PBXBuildFile; fileRef = E597834F20351A5000A88008 /* LaunchScreen.storyboard */; };
		E597835C20351A5000A88008 /* VirtualTouristTests.swift in Sources */ = {isa = PBXBuildFile; fileRef = E597835B20351A5000A88008 /* VirtualTouristTests.swift */; };
		E597836720351A5000A88008 /* VirtualTouristUITests.swift in Sources */ = {isa = PBXBuildFile; fileRef = E597836620351A5000A88008 /* VirtualTouristUITests.swift */; };
		E59783822035233700A88008 /* ErrorFactory.swift in Sources */ = {isa = PBXBuildFile; fileRef = E59783812035233700A88008 /* ErrorFactory.swift */; };
		E59783892035240C00A88008 /* UIView+Loading.swift in Sources */ = {isa = PBXBuildFile; fileRef = E59783882035240C00A88008 /* UIView+Loading.swift */; };
		E597838B2035242500A88008 /* StringExtension.swift in Sources */ = {isa = PBXBuildFile; fileRef = E597838A2035242500A88008 /* StringExtension.swift */; };
		E597838E2035243900A88008 /* UITableViewCellExtension.swift in Sources */ = {isa = PBXBuildFile; fileRef = E597838C2035243900A88008 /* UITableViewCellExtension.swift */; };
		E597838F2035243900A88008 /* UICollectionViewCellExtensions.swift in Sources */ = {isa = PBXBuildFile; fileRef = E597838D2035243900A88008 /* UICollectionViewCellExtensions.swift */; };
		E59783912035244200A88008 /* ErrorExtension.swift in Sources */ = {isa = PBXBuildFile; fileRef = E59783902035244200A88008 /* ErrorExtension.swift */; };
		E59783932035246400A88008 /* JSON.swift in Sources */ = {isa = PBXBuildFile; fileRef = E59783922035246400A88008 /* JSON.swift */; };
		E59783952035248000A88008 /* ErrorEnums.swift in Sources */ = {isa = PBXBuildFile; fileRef = E59783942035248000A88008 /* ErrorEnums.swift */; };
		E59783982035249000A88008 /* URLHelper.swift in Sources */ = {isa = PBXBuildFile; fileRef = E59783962035249000A88008 /* URLHelper.swift */; };
		E59783992035249000A88008 /* AlertHelper.swift in Sources */ = {isa = PBXBuildFile; fileRef = E59783972035249000A88008 /* AlertHelper.swift */; };
		E597839B2035254F00A88008 /* ServiceError.swift in Sources */ = {isa = PBXBuildFile; fileRef = E597839A2035254F00A88008 /* ServiceError.swift */; };
		E597839E2035255900A88008 /* ServiceResponse.swift in Sources */ = {isa = PBXBuildFile; fileRef = E597839D2035255900A88008 /* ServiceResponse.swift */; };
		E59783A02035259600A88008 /* Service.swift in Sources */ = {isa = PBXBuildFile; fileRef = E597839F2035259600A88008 /* Service.swift */; };
		E59783A3203526BE00A88008 /* TravelLocationsMapViewController.swift in Sources */ = {isa = PBXBuildFile; fileRef = E59783A2203526BE00A88008 /* TravelLocationsMapViewController.swift */; };
		E59783A52035272E00A88008 /* PhotoAlbumViewController.swift in Sources */ = {isa = PBXBuildFile; fileRef = E59783A42035272E00A88008 /* PhotoAlbumViewController.swift */; };
		E59783A7203534A000A88008 /* Environment.swift in Sources */ = {isa = PBXBuildFile; fileRef = E59783A62035349F00A88008 /* Environment.swift */; };
		E59783A92035372800A88008 /* FlickrConstants.swift in Sources */ = {isa = PBXBuildFile; fileRef = E59783A82035372800A88008 /* FlickrConstants.swift */; };
		E59783AC2035396400A88008 /* FlickrService.swift in Sources */ = {isa = PBXBuildFile; fileRef = E59783AB2035396400A88008 /* FlickrService.swift */; };
		E59783B120353E9400A88008 /* FlickrPhotosSearchResponse.swift in Sources */ = {isa = PBXBuildFile; fileRef = E59783B020353E9400A88008 /* FlickrPhotosSearchResponse.swift */; };
		E59783B320353EBD00A88008 /* FlickrPhotos.swift in Sources */ = {isa = PBXBuildFile; fileRef = E59783B220353EBD00A88008 /* FlickrPhotos.swift */; };
		E59783B520353EC500A88008 /* FlickrPhoto.swift in Sources */ = {isa = PBXBuildFile; fileRef = E59783B420353EC500A88008 /* FlickrPhoto.swift */; };
		E5B1098D2035E155007370DB /* Splash.storyboard in Resources */ = {isa = PBXBuildFile; fileRef = E5B1098C2035E155007370DB /* Splash.storyboard */; };
		E5B1098F2035E160007370DB /* SplashViewController.swift in Sources */ = {isa = PBXBuildFile; fileRef = E5B1098E2035E160007370DB /* SplashViewController.swift */; };
		E5B1099620367649007370DB /* PhotoCollectionViewCell.swift in Sources */ = {isa = PBXBuildFile; fileRef = E5B1099520367649007370DB /* PhotoCollectionViewCell.swift */; };
		E5B10998203682AF007370DB /* FlickrPhotoSize.swift in Sources */ = {isa = PBXBuildFile; fileRef = E5B10997203682AF007370DB /* FlickrPhotoSize.swift */; };
/* End PBXBuildFile section */

/* Begin PBXContainerItemProxy section */
		E597835820351A5000A88008 /* PBXContainerItemProxy */ = {
			isa = PBXContainerItemProxy;
			containerPortal = E597833820351A5000A88008 /* Project object */;
			proxyType = 1;
			remoteGlobalIDString = E597833F20351A5000A88008;
			remoteInfo = VirtualTourist;
		};
		E597836320351A5000A88008 /* PBXContainerItemProxy */ = {
			isa = PBXContainerItemProxy;
			containerPortal = E597833820351A5000A88008 /* Project object */;
			proxyType = 1;
			remoteGlobalIDString = E597833F20351A5000A88008;
			remoteInfo = VirtualTourist;
		};
/* End PBXContainerItemProxy section */

/* Begin PBXFileReference section */
		E5279EC82038B77E00939E6D /* UserDefaultsHelper.swift */ = {isa = PBXFileReference; lastKnownFileType = sourcecode.swift; path = UserDefaultsHelper.swift; sourceTree = "<group>"; };
		E5279ECA2038CBDA00939E6D /* CoreDataController.swift */ = {isa = PBXFileReference; lastKnownFileType = sourcecode.swift; path = CoreDataController.swift; sourceTree = "<group>"; };
		E5279ECE20395A7700939E6D /* PersistendPhotoExtensions.swift */ = {isa = PBXFileReference; lastKnownFileType = sourcecode.swift; path = PersistendPhotoExtensions.swift; sourceTree = "<group>"; };
		E5279ED020395BBF00939E6D /* CoreDataController+AutoSaving.swift */ = {isa = PBXFileReference; lastKnownFileType = sourcecode.swift; path = "CoreDataController+AutoSaving.swift"; sourceTree = "<group>"; };
		E5279ED220395BF300939E6D /* CoreDataController+MapPinCRUD.swift */ = {isa = PBXFileReference; lastKnownFileType = sourcecode.swift; path = "CoreDataController+MapPinCRUD.swift"; sourceTree = "<group>"; };
		E5279ED92039AD8000939E6D /* CoreDataController+PersistedPhotoCRUD.swift */ = {isa = PBXFileReference; lastKnownFileType = sourcecode.swift; path = "CoreDataController+PersistedPhotoCRUD.swift"; sourceTree = "<group>"; };
		E5279EDB2039AF9D00939E6D /* PersistenceError.swift */ = {isa = PBXFileReference; lastKnownFileType = sourcecode.swift; path = PersistenceError.swift; sourceTree = "<group>"; };
		E5279EDE2039BE5800939E6D /* MapPinExtensions.swift */ = {isa = PBXFileReference; lastKnownFileType = sourcecode.swift; path = MapPinExtensions.swift; sourceTree = "<group>"; };
		E551FD8A203DB94400D6DFB5 /* CLLocationCoordinate2DExtensions.swift */ = {isa = PBXFileReference; lastKnownFileType = sourcecode.swift; path = CLLocationCoordinate2DExtensions.swift; sourceTree = "<group>"; };
		E597834020351A5000A88008 /* VirtualTourist.app */ = {isa = PBXFileReference; explicitFileType = wrapper.application; includeInIndex = 0; path = VirtualTourist.app; sourceTree = BUILT_PRODUCTS_DIR; };
		E597834320351A5000A88008 /* AppDelegate.swift */ = {isa = PBXFileReference; lastKnownFileType = sourcecode.swift; path = AppDelegate.swift; sourceTree = "<group>"; };
		E597834820351A5000A88008 /* Base */ = {isa = PBXFileReference; lastKnownFileType = file.storyboard; name = Base; path = Base.lproj/Main.storyboard; sourceTree = "<group>"; };
		E597834B20351A5000A88008 /* VirtualTourist.xcdatamodel */ = {isa = PBXFileReference; lastKnownFileType = wrapper.xcdatamodel; path = VirtualTourist.xcdatamodel; sourceTree = "<group>"; };
		E597834D20351A5000A88008 /* Assets.xcassets */ = {isa = PBXFileReference; lastKnownFileType = folder.assetcatalog; path = Assets.xcassets; sourceTree = "<group>"; };
		E597835020351A5000A88008 /* Base */ = {isa = PBXFileReference; lastKnownFileType = file.storyboard; name = Base; path = Base.lproj/LaunchScreen.storyboard; sourceTree = "<group>"; };
		E597835220351A5000A88008 /* Info.plist */ = {isa = PBXFileReference; lastKnownFileType = text.plist.xml; path = Info.plist; sourceTree = "<group>"; };
		E597835720351A5000A88008 /* VirtualTouristTests.xctest */ = {isa = PBXFileReference; explicitFileType = wrapper.cfbundle; includeInIndex = 0; path = VirtualTouristTests.xctest; sourceTree = BUILT_PRODUCTS_DIR; };
		E597835B20351A5000A88008 /* VirtualTouristTests.swift */ = {isa = PBXFileReference; lastKnownFileType = sourcecode.swift; path = VirtualTouristTests.swift; sourceTree = "<group>"; };
		E597835D20351A5000A88008 /* Info.plist */ = {isa = PBXFileReference; lastKnownFileType = text.plist.xml; path = Info.plist; sourceTree = "<group>"; };
		E597836220351A5000A88008 /* VirtualTouristUITests.xctest */ = {isa = PBXFileReference; explicitFileType = wrapper.cfbundle; includeInIndex = 0; path = VirtualTouristUITests.xctest; sourceTree = BUILT_PRODUCTS_DIR; };
		E597836620351A5000A88008 /* VirtualTouristUITests.swift */ = {isa = PBXFileReference; lastKnownFileType = sourcecode.swift; path = VirtualTouristUITests.swift; sourceTree = "<group>"; };
		E597836820351A5000A88008 /* Info.plist */ = {isa = PBXFileReference; lastKnownFileType = text.plist.xml; path = Info.plist; sourceTree = "<group>"; };
		E59783812035233700A88008 /* ErrorFactory.swift */ = {isa = PBXFileReference; fileEncoding = 4; lastKnownFileType = sourcecode.swift; path = ErrorFactory.swift; sourceTree = "<group>"; };
		E59783882035240C00A88008 /* UIView+Loading.swift */ = {isa = PBXFileReference; fileEncoding = 4; lastKnownFileType = sourcecode.swift; path = "UIView+Loading.swift"; sourceTree = "<group>"; };
		E597838A2035242500A88008 /* StringExtension.swift */ = {isa = PBXFileReference; fileEncoding = 4; lastKnownFileType = sourcecode.swift; path = StringExtension.swift; sourceTree = "<group>"; };
		E597838C2035243900A88008 /* UITableViewCellExtension.swift */ = {isa = PBXFileReference; fileEncoding = 4; lastKnownFileType = sourcecode.swift; path = UITableViewCellExtension.swift; sourceTree = "<group>"; };
		E597838D2035243900A88008 /* UICollectionViewCellExtensions.swift */ = {isa = PBXFileReference; fileEncoding = 4; lastKnownFileType = sourcecode.swift; path = UICollectionViewCellExtensions.swift; sourceTree = "<group>"; };
		E59783902035244200A88008 /* ErrorExtension.swift */ = {isa = PBXFileReference; fileEncoding = 4; lastKnownFileType = sourcecode.swift; path = ErrorExtension.swift; sourceTree = "<group>"; };
		E59783922035246400A88008 /* JSON.swift */ = {isa = PBXFileReference; fileEncoding = 4; lastKnownFileType = sourcecode.swift; path = JSON.swift; sourceTree = "<group>"; };
		E59783942035248000A88008 /* ErrorEnums.swift */ = {isa = PBXFileReference; fileEncoding = 4; lastKnownFileType = sourcecode.swift; path = ErrorEnums.swift; sourceTree = "<group>"; };
		E59783962035249000A88008 /* URLHelper.swift */ = {isa = PBXFileReference; fileEncoding = 4; lastKnownFileType = sourcecode.swift; path = URLHelper.swift; sourceTree = "<group>"; };
		E59783972035249000A88008 /* AlertHelper.swift */ = {isa = PBXFileReference; fileEncoding = 4; lastKnownFileType = sourcecode.swift; path = AlertHelper.swift; sourceTree = "<group>"; };
		E597839A2035254F00A88008 /* ServiceError.swift */ = {isa = PBXFileReference; fileEncoding = 4; lastKnownFileType = sourcecode.swift; path = ServiceError.swift; sourceTree = "<group>"; };
		E597839D2035255900A88008 /* ServiceResponse.swift */ = {isa = PBXFileReference; fileEncoding = 4; lastKnownFileType = sourcecode.swift; path = ServiceResponse.swift; sourceTree = "<group>"; };
		E597839F2035259600A88008 /* Service.swift */ = {isa = PBXFileReference; lastKnownFileType = sourcecode.swift; path = Service.swift; sourceTree = "<group>"; };
		E59783A2203526BE00A88008 /* TravelLocationsMapViewController.swift */ = {isa = PBXFileReference; lastKnownFileType = sourcecode.swift; path = TravelLocationsMapViewController.swift; sourceTree = "<group>"; };
		E59783A42035272E00A88008 /* PhotoAlbumViewController.swift */ = {isa = PBXFileReference; lastKnownFileType = sourcecode.swift; path = PhotoAlbumViewController.swift; sourceTree = "<group>"; wrapsLines = 0; };
		E59783A62035349F00A88008 /* Environment.swift */ = {isa = PBXFileReference; fileEncoding = 4; lastKnownFileType = sourcecode.swift; path = Environment.swift; sourceTree = "<group>"; };
		E59783A82035372800A88008 /* FlickrConstants.swift */ = {isa = PBXFileReference; lastKnownFileType = sourcecode.swift; path = FlickrConstants.swift; sourceTree = "<group>"; };
		E59783AB2035396400A88008 /* FlickrService.swift */ = {isa = PBXFileReference; lastKnownFileType = sourcecode.swift; path = FlickrService.swift; sourceTree = "<group>"; };
		E59783B020353E9400A88008 /* FlickrPhotosSearchResponse.swift */ = {isa = PBXFileReference; lastKnownFileType = sourcecode.swift; path = FlickrPhotosSearchResponse.swift; sourceTree = "<group>"; };
		E59783B220353EBD00A88008 /* FlickrPhotos.swift */ = {isa = PBXFileReference; lastKnownFileType = sourcecode.swift; path = FlickrPhotos.swift; sourceTree = "<group>"; };
		E59783B420353EC500A88008 /* FlickrPhoto.swift */ = {isa = PBXFileReference; lastKnownFileType = sourcecode.swift; path = FlickrPhoto.swift; sourceTree = "<group>"; };
		E5B1098C2035E155007370DB /* Splash.storyboard */ = {isa = PBXFileReference; fileEncoding = 4; lastKnownFileType = file.storyboard; path = Splash.storyboard; sourceTree = "<group>"; };
		E5B1098E2035E160007370DB /* SplashViewController.swift */ = {isa = PBXFileReference; fileEncoding = 4; lastKnownFileType = sourcecode.swift; path = SplashViewController.swift; sourceTree = "<group>"; };
		E5B1099520367649007370DB /* PhotoCollectionViewCell.swift */ = {isa = PBXFileReference; lastKnownFileType = sourcecode.swift; path = PhotoCollectionViewCell.swift; sourceTree = "<group>"; };
		E5B10997203682AF007370DB /* FlickrPhotoSize.swift */ = {isa = PBXFileReference; lastKnownFileType = sourcecode.swift; path = FlickrPhotoSize.swift; sourceTree = "<group>"; };
/* End PBXFileReference section */

/* Begin PBXFrameworksBuildPhase section */
		E597833D20351A5000A88008 /* Frameworks */ = {
			isa = PBXFrameworksBuildPhase;
			buildActionMask = 2147483647;
			files = (
			);
			runOnlyForDeploymentPostprocessing = 0;
		};
		E597835420351A5000A88008 /* Frameworks */ = {
			isa = PBXFrameworksBuildPhase;
			buildActionMask = 2147483647;
			files = (
			);
			runOnlyForDeploymentPostprocessing = 0;
		};
		E597835F20351A5000A88008 /* Frameworks */ = {
			isa = PBXFrameworksBuildPhase;
			buildActionMask = 2147483647;
			files = (
			);
			runOnlyForDeploymentPostprocessing = 0;
		};
/* End PBXFrameworksBuildPhase section */

/* Begin PBXGroup section */
		E5279ED62039A1A500939E6D /* Models */ = {
			isa = PBXGroup;
			children = (
				E597834A20351A5000A88008 /* VirtualTourist.xcdatamodeld */,
			);
			path = Models;
			sourceTree = "<group>";
		};
		E5279ED72039A1BE00939E6D /* Controllers */ = {
			isa = PBXGroup;
			children = (
				E5279ECA2038CBDA00939E6D /* CoreDataController.swift */,
				E5279ED020395BBF00939E6D /* CoreDataController+AutoSaving.swift */,
				E5279ED220395BF300939E6D /* CoreDataController+MapPinCRUD.swift */,
				E5279ED92039AD8000939E6D /* CoreDataController+PersistedPhotoCRUD.swift */,
			);
			path = Controllers;
			sourceTree = "<group>";
		};
		E5279ED82039A1F500939E6D /* Extensions */ = {
			isa = PBXGroup;
			children = (
				E5279ECE20395A7700939E6D /* PersistendPhotoExtensions.swift */,
				E5279EDE2039BE5800939E6D /* MapPinExtensions.swift */,
			);
			path = Extensions;
			sourceTree = "<group>";
		};
		E5279EDD2039AFB600939E6D /* Persistence */ = {
			isa = PBXGroup;
			children = (
				E5279EDB2039AF9D00939E6D /* PersistenceError.swift */,
			);
			path = Persistence;
			sourceTree = "<group>";
		};
		E597833720351A5000A88008 = {
			isa = PBXGroup;
			children = (
				E597834220351A5000A88008 /* VirtualTourist */,
				E597835A20351A5000A88008 /* VirtualTouristTests */,
				E597836520351A5000A88008 /* VirtualTouristUITests */,
				E597834120351A5000A88008 /* Products */,
			);
			sourceTree = "<group>";
		};
		E597834120351A5000A88008 /* Products */ = {
			isa = PBXGroup;
			children = (
				E597834020351A5000A88008 /* VirtualTourist.app */,
				E597835720351A5000A88008 /* VirtualTouristTests.xctest */,
				E597836220351A5000A88008 /* VirtualTouristUITests.xctest */,
			);
			name = Products;
			sourceTree = "<group>";
		};
		E597834220351A5000A88008 /* VirtualTourist */ = {
			isa = PBXGroup;
			children = (
				E597837A20351D7F00A88008 /* Application */,
				E597837920351D7A00A88008 /* Commons */,
				E597837820351D7100A88008 /* Convenience */,
				E597837720351D6B00A88008 /* Services */,
				E597837F20351E6900A88008 /* Persistence */,
				E597837620351D6500A88008 /* Models */,
				E597837520351A8400A88008 /* View */,
				E597837420351A7C00A88008 /* Assets */,
			);
			path = VirtualTourist;
			sourceTree = "<group>";
		};
		E597835A20351A5000A88008 /* VirtualTouristTests */ = {
			isa = PBXGroup;
			children = (
				E597835B20351A5000A88008 /* VirtualTouristTests.swift */,
				E597835D20351A5000A88008 /* Info.plist */,
			);
			path = VirtualTouristTests;
			sourceTree = "<group>";
		};
		E597836520351A5000A88008 /* VirtualTouristUITests */ = {
			isa = PBXGroup;
			children = (
				E597836620351A5000A88008 /* VirtualTouristUITests.swift */,
				E597836820351A5000A88008 /* Info.plist */,
			);
			path = VirtualTouristUITests;
			sourceTree = "<group>";
		};
		E597837420351A7C00A88008 /* Assets */ = {
			isa = PBXGroup;
			children = (
				E597834F20351A5000A88008 /* LaunchScreen.storyboard */,
				E597834D20351A5000A88008 /* Assets.xcassets */,
			);
			path = Assets;
			sourceTree = "<group>";
		};
		E597837520351A8400A88008 /* View */ = {
			isa = PBXGroup;
			children = (
				E5B1098B2035E147007370DB /* Splash */,
				E597837D20351DA000A88008 /* Main */,
			);
			path = View;
			sourceTree = "<group>";
		};
		E597837620351D6500A88008 /* Models */ = {
			isa = PBXGroup;
			children = (
				E597839C2035255200A88008 /* Services */,
				E59783AF20353E7600A88008 /* Flickr */,
				E5279EDD2039AFB600939E6D /* Persistence */,
			);
			path = Models;
			sourceTree = "<group>";
		};
		E597837720351D6B00A88008 /* Services */ = {
			isa = PBXGroup;
			children = (
				E597839F2035259600A88008 /* Service.swift */,
				E59783AB2035396400A88008 /* FlickrService.swift */,
			);
			path = Services;
			sourceTree = "<group>";
		};
		E597837820351D7100A88008 /* Convenience */ = {
			isa = PBXGroup;
			children = (
				E59783AA2035372D00A88008 /* Constants */,
				E59783802035233000A88008 /* Factory */,
				E59783842035234700A88008 /* JSON */,
				E59783852035234E00A88008 /* Helpers */,
				E59783862035235700A88008 /* Enums */,
				E59783872035236200A88008 /* Extensions */,
			);
			path = Convenience;
			sourceTree = "<group>";
		};
		E597837920351D7A00A88008 /* Commons */ = {
			isa = PBXGroup;
			children = (
			);
			path = Commons;
			sourceTree = "<group>";
		};
		E597837A20351D7F00A88008 /* Application */ = {
			isa = PBXGroup;
			children = (
				E597834320351A5000A88008 /* AppDelegate.swift */,
				E59783A62035349F00A88008 /* Environment.swift */,
				E597835220351A5000A88008 /* Info.plist */,
			);
			path = Application;
			sourceTree = "<group>";
		};
		E597837D20351DA000A88008 /* Main */ = {
			isa = PBXGroup;
			children = (
				E597834720351A5000A88008 /* Main.storyboard */,
				E597837E20351DAB00A88008 /* ViewControllers */,
				E5B1099420367614007370DB /* Cells */,
			);
			path = Main;
			sourceTree = "<group>";
		};
		E597837E20351DAB00A88008 /* ViewControllers */ = {
			isa = PBXGroup;
			children = (
				E59783A2203526BE00A88008 /* TravelLocationsMapViewController.swift */,
				E59783A42035272E00A88008 /* PhotoAlbumViewController.swift */,
			);
			path = ViewControllers;
			sourceTree = "<group>";
		};
		E597837F20351E6900A88008 /* Persistence */ = {
			isa = PBXGroup;
			children = (
				E5279ED62039A1A500939E6D /* Models */,
				E5279ED72039A1BE00939E6D /* Controllers */,
				E5279ED82039A1F500939E6D /* Extensions */,
			);
			path = Persistence;
			sourceTree = "<group>";
		};
		E59783802035233000A88008 /* Factory */ = {
			isa = PBXGroup;
			children = (
				E59783812035233700A88008 /* ErrorFactory.swift */,
			);
			path = Factory;
			sourceTree = "<group>";
		};
		E59783842035234700A88008 /* JSON */ = {
			isa = PBXGroup;
			children = (
				E59783922035246400A88008 /* JSON.swift */,
			);
			path = JSON;
			sourceTree = "<group>";
		};
		E59783852035234E00A88008 /* Helpers */ = {
			isa = PBXGroup;
			children = (
				E59783972035249000A88008 /* AlertHelper.swift */,
				E59783962035249000A88008 /* URLHelper.swift */,
				E5279EC82038B77E00939E6D /* UserDefaultsHelper.swift */,
			);
			path = Helpers;
			sourceTree = "<group>";
		};
		E59783862035235700A88008 /* Enums */ = {
			isa = PBXGroup;
			children = (
				E5B10997203682AF007370DB /* FlickrPhotoSize.swift */,
				E59783942035248000A88008 /* ErrorEnums.swift */,
			);
			path = Enums;
			sourceTree = "<group>";
		};
		E59783872035236200A88008 /* Extensions */ = {
			isa = PBXGroup;
			children = (
				E597838A2035242500A88008 /* StringExtension.swift */,
				E59783882035240C00A88008 /* UIView+Loading.swift */,
				E597838D2035243900A88008 /* UICollectionViewCellExtensions.swift */,
				E597838C2035243900A88008 /* UITableViewCellExtension.swift */,
				E59783902035244200A88008 /* ErrorExtension.swift */,
				E551FD8A203DB94400D6DFB5 /* CLLocationCoordinate2DExtensions.swift */,
			);
			path = Extensions;
			sourceTree = "<group>";
		};
		E597839C2035255200A88008 /* Services */ = {
			isa = PBXGroup;
			children = (
				E597839A2035254F00A88008 /* ServiceError.swift */,
				E597839D2035255900A88008 /* ServiceResponse.swift */,
			);
			path = Services;
			sourceTree = "<group>";
		};
		E59783AA2035372D00A88008 /* Constants */ = {
			isa = PBXGroup;
			children = (
				E59783A82035372800A88008 /* FlickrConstants.swift */,
			);
			path = Constants;
			sourceTree = "<group>";
		};
		E59783AF20353E7600A88008 /* Flickr */ = {
			isa = PBXGroup;
			children = (
				E59783B020353E9400A88008 /* FlickrPhotosSearchResponse.swift */,
				E59783B220353EBD00A88008 /* FlickrPhotos.swift */,
				E59783B420353EC500A88008 /* FlickrPhoto.swift */,
			);
			path = Flickr;
			sourceTree = "<group>";
		};
		E5B1098B2035E147007370DB /* Splash */ = {
			isa = PBXGroup;
			children = (
				E5B1098C2035E155007370DB /* Splash.storyboard */,
				E5B109902035E164007370DB /* ViewControllers */,
			);
			path = Splash;
			sourceTree = "<group>";
		};
		E5B109902035E164007370DB /* ViewControllers */ = {
			isa = PBXGroup;
			children = (
				E5B1098E2035E160007370DB /* SplashViewController.swift */,
			);
			path = ViewControllers;
			sourceTree = "<group>";
		};
		E5B1099420367614007370DB /* Cells */ = {
			isa = PBXGroup;
			children = (
				E5B1099520367649007370DB /* PhotoCollectionViewCell.swift */,
			);
			path = Cells;
			sourceTree = "<group>";
		};
/* End PBXGroup section */

/* Begin PBXNativeTarget section */
		E597833F20351A5000A88008 /* VirtualTourist */ = {
			isa = PBXNativeTarget;
			buildConfigurationList = E597836B20351A5000A88008 /* Build configuration list for PBXNativeTarget "VirtualTourist" */;
			buildPhases = (
				E597833C20351A5000A88008 /* Sources */,
				E597833D20351A5000A88008 /* Frameworks */,
				E597833E20351A5000A88008 /* Resources */,
			);
			buildRules = (
			);
			dependencies = (
			);
			name = VirtualTourist;
			productName = VirtualTourist;
			productReference = E597834020351A5000A88008 /* VirtualTourist.app */;
			productType = "com.apple.product-type.application";
		};
		E597835620351A5000A88008 /* VirtualTouristTests */ = {
			isa = PBXNativeTarget;
			buildConfigurationList = E597836E20351A5000A88008 /* Build configuration list for PBXNativeTarget "VirtualTouristTests" */;
			buildPhases = (
				E597835320351A5000A88008 /* Sources */,
				E597835420351A5000A88008 /* Frameworks */,
				E597835520351A5000A88008 /* Resources */,
			);
			buildRules = (
			);
			dependencies = (
				E597835920351A5000A88008 /* PBXTargetDependency */,
			);
			name = VirtualTouristTests;
			productName = VirtualTouristTests;
			productReference = E597835720351A5000A88008 /* VirtualTouristTests.xctest */;
			productType = "com.apple.product-type.bundle.unit-test";
		};
		E597836120351A5000A88008 /* VirtualTouristUITests */ = {
			isa = PBXNativeTarget;
			buildConfigurationList = E597837120351A5000A88008 /* Build configuration list for PBXNativeTarget "VirtualTouristUITests" */;
			buildPhases = (
				E597835E20351A5000A88008 /* Sources */,
				E597835F20351A5000A88008 /* Frameworks */,
				E597836020351A5000A88008 /* Resources */,
			);
			buildRules = (
			);
			dependencies = (
				E597836420351A5000A88008 /* PBXTargetDependency */,
			);
			name = VirtualTouristUITests;
			productName = VirtualTouristUITests;
			productReference = E597836220351A5000A88008 /* VirtualTouristUITests.xctest */;
			productType = "com.apple.product-type.bundle.ui-testing";
		};
/* End PBXNativeTarget section */

/* Begin PBXProject section */
		E597833820351A5000A88008 /* Project object */ = {
			isa = PBXProject;
			attributes = {
				LastSwiftUpdateCheck = 0920;
				LastUpgradeCheck = 0920;
				ORGANIZATIONNAME = "Eduardo Sanches Bocato";
				TargetAttributes = {
					E597833F20351A5000A88008 = {
						CreatedOnToolsVersion = 9.2;
						ProvisioningStyle = Automatic;
					};
					E597835620351A5000A88008 = {
						CreatedOnToolsVersion = 9.2;
						ProvisioningStyle = Automatic;
						TestTargetID = E597833F20351A5000A88008;
					};
					E597836120351A5000A88008 = {
						CreatedOnToolsVersion = 9.2;
						ProvisioningStyle = Automatic;
						TestTargetID = E597833F20351A5000A88008;
					};
				};
			};
			buildConfigurationList = E597833B20351A5000A88008 /* Build configuration list for PBXProject "VirtualTourist" */;
			compatibilityVersion = "Xcode 8.0";
			developmentRegion = en;
			hasScannedForEncodings = 0;
			knownRegions = (
				en,
				Base,
			);
			mainGroup = E597833720351A5000A88008;
			productRefGroup = E597834120351A5000A88008 /* Products */;
			projectDirPath = "";
			projectRoot = "";
			targets = (
				E597833F20351A5000A88008 /* VirtualTourist */,
				E597835620351A5000A88008 /* VirtualTouristTests */,
				E597836120351A5000A88008 /* VirtualTouristUITests */,
			);
		};
/* End PBXProject section */

/* Begin PBXResourcesBuildPhase section */
		E597833E20351A5000A88008 /* Resources */ = {
			isa = PBXResourcesBuildPhase;
			buildActionMask = 2147483647;
			files = (
				E597835120351A5000A88008 /* LaunchScreen.storyboard in Resources */,
				E597834E20351A5000A88008 /* Assets.xcassets in Resources */,
				E597834920351A5000A88008 /* Main.storyboard in Resources */,
				E5B1098D2035E155007370DB /* Splash.storyboard in Resources */,
			);
			runOnlyForDeploymentPostprocessing = 0;
		};
		E597835520351A5000A88008 /* Resources */ = {
			isa = PBXResourcesBuildPhase;
			buildActionMask = 2147483647;
			files = (
			);
			runOnlyForDeploymentPostprocessing = 0;
		};
		E597836020351A5000A88008 /* Resources */ = {
			isa = PBXResourcesBuildPhase;
			buildActionMask = 2147483647;
			files = (
			);
			runOnlyForDeploymentPostprocessing = 0;
		};
/* End PBXResourcesBuildPhase section */

/* Begin PBXSourcesBuildPhase section */
		E597833C20351A5000A88008 /* Sources */ = {
			isa = PBXSourcesBuildPhase;
			buildActionMask = 2147483647;
			files = (
				E5279EC92038B77E00939E6D /* UserDefaultsHelper.swift in Sources */,
				E5279EDC2039AF9D00939E6D /* PersistenceError.swift in Sources */,
				E59783992035249000A88008 /* AlertHelper.swift in Sources */,
				E59783A52035272E00A88008 /* PhotoAlbumViewController.swift in Sources */,
				E5279EDA2039AD8000939E6D /* CoreDataController+PersistedPhotoCRUD.swift in Sources */,
				E59783B120353E9400A88008 /* FlickrPhotosSearchResponse.swift in Sources */,
				E5279ECF20395A7700939E6D /* PersistendPhotoExtensions.swift in Sources */,
				E551FD8B203DB94400D6DFB5 /* CLLocationCoordinate2DExtensions.swift in Sources */,
				E59783AC2035396400A88008 /* FlickrService.swift in Sources */,
				E59783952035248000A88008 /* ErrorEnums.swift in Sources */,
				E59783A3203526BE00A88008 /* TravelLocationsMapViewController.swift in Sources */,
				E5B1099620367649007370DB /* PhotoCollectionViewCell.swift in Sources */,
				E597839E2035255900A88008 /* ServiceResponse.swift in Sources */,
				E59783932035246400A88008 /* JSON.swift in Sources */,
				E59783A92035372800A88008 /* FlickrConstants.swift in Sources */,
				E5B10998203682AF007370DB /* FlickrPhotoSize.swift in Sources */,
				E59783892035240C00A88008 /* UIView+Loading.swift in Sources */,
				E597838B2035242500A88008 /* StringExtension.swift in Sources */,
				E59783822035233700A88008 /* ErrorFactory.swift in Sources */,
				E59783912035244200A88008 /* ErrorExtension.swift in Sources */,
				E59783A02035259600A88008 /* Service.swift in Sources */,
				E597838F2035243900A88008 /* UICollectionViewCellExtensions.swift in Sources */,
				E5B1098F2035E160007370DB /* SplashViewController.swift in Sources */,
				E5279EDF2039BE5800939E6D /* MapPinExtensions.swift in Sources */,
				E597838E2035243900A88008 /* UITableViewCellExtension.swift in Sources */,
				E5279ED120395BBF00939E6D /* CoreDataController+AutoSaving.swift in Sources */,
				E59783B520353EC500A88008 /* FlickrPhoto.swift in Sources */,
				E59783B320353EBD00A88008 /* FlickrPhotos.swift in Sources */,
				E5279ECB2038CBDA00939E6D /* CoreDataController.swift in Sources */,
				E5279ED320395BF300939E6D /* CoreDataController+MapPinCRUD.swift in Sources */,
				E59783A7203534A000A88008 /* Environment.swift in Sources */,
				E59783982035249000A88008 /* URLHelper.swift in Sources */,
				E597834420351A5000A88008 /* AppDelegate.swift in Sources */,
				E597839B2035254F00A88008 /* ServiceError.swift in Sources */,
				E597834C20351A5000A88008 /* VirtualTourist.xcdatamodeld in Sources */,
			);
			runOnlyForDeploymentPostprocessing = 0;
		};
		E597835320351A5000A88008 /* Sources */ = {
			isa = PBXSourcesBuildPhase;
			buildActionMask = 2147483647;
			files = (
				E597835C20351A5000A88008 /* VirtualTouristTests.swift in Sources */,
			);
			runOnlyForDeploymentPostprocessing = 0;
		};
		E597835E20351A5000A88008 /* Sources */ = {
			isa = PBXSourcesBuildPhase;
			buildActionMask = 2147483647;
			files = (
				E597836720351A5000A88008 /* VirtualTouristUITests.swift in Sources */,
			);
			runOnlyForDeploymentPostprocessing = 0;
		};
/* End PBXSourcesBuildPhase section */

/* Begin PBXTargetDependency section */
		E597835920351A5000A88008 /* PBXTargetDependency */ = {
			isa = PBXTargetDependency;
			target = E597833F20351A5000A88008 /* VirtualTourist */;
			targetProxy = E597835820351A5000A88008 /* PBXContainerItemProxy */;
		};
		E597836420351A5000A88008 /* PBXTargetDependency */ = {
			isa = PBXTargetDependency;
			target = E597833F20351A5000A88008 /* VirtualTourist */;
			targetProxy = E597836320351A5000A88008 /* PBXContainerItemProxy */;
		};
/* End PBXTargetDependency section */

/* Begin PBXVariantGroup section */
		E597834720351A5000A88008 /* Main.storyboard */ = {
			isa = PBXVariantGroup;
			children = (
				E597834820351A5000A88008 /* Base */,
			);
			name = Main.storyboard;
			sourceTree = "<group>";
		};
		E597834F20351A5000A88008 /* LaunchScreen.storyboard */ = {
			isa = PBXVariantGroup;
			children = (
				E597835020351A5000A88008 /* Base */,
			);
			name = LaunchScreen.storyboard;
			sourceTree = "<group>";
		};
/* End PBXVariantGroup section */

/* Begin XCBuildConfiguration section */
		E597836920351A5000A88008 /* Debug */ = {
			isa = XCBuildConfiguration;
			buildSettings = {
				ALWAYS_SEARCH_USER_PATHS = NO;
				CLANG_ANALYZER_NONNULL = YES;
				CLANG_ANALYZER_NUMBER_OBJECT_CONVERSION = YES_AGGRESSIVE;
				CLANG_CXX_LANGUAGE_STANDARD = "gnu++14";
				CLANG_CXX_LIBRARY = "libc++";
				CLANG_ENABLE_MODULES = YES;
				CLANG_ENABLE_OBJC_ARC = YES;
				CLANG_WARN_BLOCK_CAPTURE_AUTORELEASING = YES;
				CLANG_WARN_BOOL_CONVERSION = YES;
				CLANG_WARN_COMMA = YES;
				CLANG_WARN_CONSTANT_CONVERSION = YES;
				CLANG_WARN_DIRECT_OBJC_ISA_USAGE = YES_ERROR;
				CLANG_WARN_DOCUMENTATION_COMMENTS = YES;
				CLANG_WARN_EMPTY_BODY = YES;
				CLANG_WARN_ENUM_CONVERSION = YES;
				CLANG_WARN_INFINITE_RECURSION = YES;
				CLANG_WARN_INT_CONVERSION = YES;
				CLANG_WARN_NON_LITERAL_NULL_CONVERSION = YES;
				CLANG_WARN_OBJC_LITERAL_CONVERSION = YES;
				CLANG_WARN_OBJC_ROOT_CLASS = YES_ERROR;
				CLANG_WARN_RANGE_LOOP_ANALYSIS = YES;
				CLANG_WARN_STRICT_PROTOTYPES = YES;
				CLANG_WARN_SUSPICIOUS_MOVE = YES;
				CLANG_WARN_UNGUARDED_AVAILABILITY = YES_AGGRESSIVE;
				CLANG_WARN_UNREACHABLE_CODE = YES;
				CLANG_WARN__DUPLICATE_METHOD_MATCH = YES;
				CODE_SIGN_IDENTITY = "iPhone Developer";
				COPY_PHASE_STRIP = NO;
				DEBUG_INFORMATION_FORMAT = dwarf;
				ENABLE_STRICT_OBJC_MSGSEND = YES;
				ENABLE_TESTABILITY = YES;
				GCC_C_LANGUAGE_STANDARD = gnu11;
				GCC_DYNAMIC_NO_PIC = NO;
				GCC_NO_COMMON_BLOCKS = YES;
				GCC_OPTIMIZATION_LEVEL = 0;
				GCC_PREPROCESSOR_DEFINITIONS = (
					"DEBUG=1",
					"$(inherited)",
				);
				GCC_WARN_64_TO_32_BIT_CONVERSION = YES;
				GCC_WARN_ABOUT_RETURN_TYPE = YES_ERROR;
				GCC_WARN_UNDECLARED_SELECTOR = YES;
				GCC_WARN_UNINITIALIZED_AUTOS = YES_AGGRESSIVE;
				GCC_WARN_UNUSED_FUNCTION = YES;
				GCC_WARN_UNUSED_VARIABLE = YES;
				IPHONEOS_DEPLOYMENT_TARGET = 11.2;
				MTL_ENABLE_DEBUG_INFO = YES;
				ONLY_ACTIVE_ARCH = YES;
				SDKROOT = iphoneos;
				SWIFT_ACTIVE_COMPILATION_CONDITIONS = DEBUG;
				SWIFT_OPTIMIZATION_LEVEL = "-Onone";
			};
			name = Debug;
		};
		E597836A20351A5000A88008 /* Release */ = {
			isa = XCBuildConfiguration;
			buildSettings = {
				ALWAYS_SEARCH_USER_PATHS = NO;
				CLANG_ANALYZER_NONNULL = YES;
				CLANG_ANALYZER_NUMBER_OBJECT_CONVERSION = YES_AGGRESSIVE;
				CLANG_CXX_LANGUAGE_STANDARD = "gnu++14";
				CLANG_CXX_LIBRARY = "libc++";
				CLANG_ENABLE_MODULES = YES;
				CLANG_ENABLE_OBJC_ARC = YES;
				CLANG_WARN_BLOCK_CAPTURE_AUTORELEASING = YES;
				CLANG_WARN_BOOL_CONVERSION = YES;
				CLANG_WARN_COMMA = YES;
				CLANG_WARN_CONSTANT_CONVERSION = YES;
				CLANG_WARN_DIRECT_OBJC_ISA_USAGE = YES_ERROR;
				CLANG_WARN_DOCUMENTATION_COMMENTS = YES;
				CLANG_WARN_EMPTY_BODY = YES;
				CLANG_WARN_ENUM_CONVERSION = YES;
				CLANG_WARN_INFINITE_RECURSION = YES;
				CLANG_WARN_INT_CONVERSION = YES;
				CLANG_WARN_NON_LITERAL_NULL_CONVERSION = YES;
				CLANG_WARN_OBJC_LITERAL_CONVERSION = YES;
				CLANG_WARN_OBJC_ROOT_CLASS = YES_ERROR;
				CLANG_WARN_RANGE_LOOP_ANALYSIS = YES;
				CLANG_WARN_STRICT_PROTOTYPES = YES;
				CLANG_WARN_SUSPICIOUS_MOVE = YES;
				CLANG_WARN_UNGUARDED_AVAILABILITY = YES_AGGRESSIVE;
				CLANG_WARN_UNREACHABLE_CODE = YES;
				CLANG_WARN__DUPLICATE_METHOD_MATCH = YES;
				CODE_SIGN_IDENTITY = "iPhone Developer";
				COPY_PHASE_STRIP = NO;
				DEBUG_INFORMATION_FORMAT = "dwarf-with-dsym";
				ENABLE_NS_ASSERTIONS = NO;
				ENABLE_STRICT_OBJC_MSGSEND = YES;
				GCC_C_LANGUAGE_STANDARD = gnu11;
				GCC_NO_COMMON_BLOCKS = YES;
				GCC_WARN_64_TO_32_BIT_CONVERSION = YES;
				GCC_WARN_ABOUT_RETURN_TYPE = YES_ERROR;
				GCC_WARN_UNDECLARED_SELECTOR = YES;
				GCC_WARN_UNINITIALIZED_AUTOS = YES_AGGRESSIVE;
				GCC_WARN_UNUSED_FUNCTION = YES;
				GCC_WARN_UNUSED_VARIABLE = YES;
				IPHONEOS_DEPLOYMENT_TARGET = 11.2;
				MTL_ENABLE_DEBUG_INFO = NO;
				SDKROOT = iphoneos;
				SWIFT_OPTIMIZATION_LEVEL = "-Owholemodule";
				VALIDATE_PRODUCT = YES;
			};
			name = Release;
		};
		E597836C20351A5000A88008 /* Debug */ = {
			isa = XCBuildConfiguration;
			buildSettings = {
				ASSETCATALOG_COMPILER_APPICON_NAME = AppIcon;
				CODE_SIGN_STYLE = Automatic;
				DEVELOPMENT_TEAM = SZSQ274898;
				INFOPLIST_FILE = "$(SRCROOT)/VirtualTourist/Application/Info.plist";
				LD_RUNPATH_SEARCH_PATHS = "$(inherited) @executable_path/Frameworks";
				PRODUCT_BUNDLE_IDENTIFIER = com.bocato.VirtualTourist;
				PRODUCT_NAME = "$(TARGET_NAME)";
				SWIFT_VERSION = 4.0;
				TARGETED_DEVICE_FAMILY = "1,2";
			};
			name = Debug;
		};
		E597836D20351A5000A88008 /* Release */ = {
			isa = XCBuildConfiguration;
			buildSettings = {
				ASSETCATALOG_COMPILER_APPICON_NAME = AppIcon;
				CODE_SIGN_STYLE = Automatic;
				DEVELOPMENT_TEAM = SZSQ274898;
				INFOPLIST_FILE = "$(SRCROOT)/VirtualTourist/Application/Info.plist";
				LD_RUNPATH_SEARCH_PATHS = "$(inherited) @executable_path/Frameworks";
				PRODUCT_BUNDLE_IDENTIFIER = com.bocato.VirtualTourist;
				PRODUCT_NAME = "$(TARGET_NAME)";
				SWIFT_VERSION = 4.0;
				TARGETED_DEVICE_FAMILY = "1,2";
			};
			name = Release;
		};
		E597836F20351A5000A88008 /* Debug */ = {
			isa = XCBuildConfiguration;
			buildSettings = {
				ALWAYS_EMBED_SWIFT_STANDARD_LIBRARIES = YES;
				BUNDLE_LOADER = "$(TEST_HOST)";
				CODE_SIGN_STYLE = Automatic;
				DEVELOPMENT_TEAM = LJ52F3Z7TA;
				INFOPLIST_FILE = VirtualTouristTests/Info.plist;
				LD_RUNPATH_SEARCH_PATHS = "$(inherited) @executable_path/Frameworks @loader_path/Frameworks";
				PRODUCT_BUNDLE_IDENTIFIER = com.bocato.VirtualTouristTests;
				PRODUCT_NAME = "$(TARGET_NAME)";
				SWIFT_VERSION = 4.0;
				TARGETED_DEVICE_FAMILY = "1,2";
				TEST_HOST = "$(BUILT_PRODUCTS_DIR)/VirtualTourist.app/VirtualTourist";
			};
			name = Debug;
		};
		E597837020351A5000A88008 /* Release */ = {
			isa = XCBuildConfiguration;
			buildSettings = {
				ALWAYS_EMBED_SWIFT_STANDARD_LIBRARIES = YES;
				BUNDLE_LOADER = "$(TEST_HOST)";
				CODE_SIGN_STYLE = Automatic;
				DEVELOPMENT_TEAM = LJ52F3Z7TA;
				INFOPLIST_FILE = VirtualTouristTests/Info.plist;
				LD_RUNPATH_SEARCH_PATHS = "$(inherited) @executable_path/Frameworks @loader_path/Frameworks";
				PRODUCT_BUNDLE_IDENTIFIER = com.bocato.VirtualTouristTests;
				PRODUCT_NAME = "$(TARGET_NAME)";
				SWIFT_VERSION = 4.0;
				TARGETED_DEVICE_FAMILY = "1,2";
				TEST_HOST = "$(BUILT_PRODUCTS_DIR)/VirtualTourist.app/VirtualTourist";
			};
			name = Release;
		};
		E597837220351A5000A88008 /* Debug */ = {
			isa = XCBuildConfiguration;
			buildSettings = {
				ALWAYS_EMBED_SWIFT_STANDARD_LIBRARIES = YES;
				CODE_SIGN_STYLE = Automatic;
				DEVELOPMENT_TEAM = LJ52F3Z7TA;
				INFOPLIST_FILE = VirtualTouristUITests/Info.plist;
				LD_RUNPATH_SEARCH_PATHS = "$(inherited) @executable_path/Frameworks @loader_path/Frameworks";
				PRODUCT_BUNDLE_IDENTIFIER = com.bocato.VirtualTouristUITests;
				PRODUCT_NAME = "$(TARGET_NAME)";
				SWIFT_VERSION = 4.0;
				TARGETED_DEVICE_FAMILY = "1,2";
				TEST_TARGET_NAME = VirtualTourist;
			};
			name = Debug;
		};
		E597837320351A5000A88008 /* Release */ = {
			isa = XCBuildConfiguration;
			buildSettings = {
				ALWAYS_EMBED_SWIFT_STANDARD_LIBRARIES = YES;
				CODE_SIGN_STYLE = Automatic;
				DEVELOPMENT_TEAM = LJ52F3Z7TA;
				INFOPLIST_FILE = VirtualTouristUITests/Info.plist;
				LD_RUNPATH_SEARCH_PATHS = "$(inherited) @executable_path/Frameworks @loader_path/Frameworks";
				PRODUCT_BUNDLE_IDENTIFIER = com.bocato.VirtualTouristUITests;
				PRODUCT_NAME = "$(TARGET_NAME)";
				SWIFT_VERSION = 4.0;
				TARGETED_DEVICE_FAMILY = "1,2";
				TEST_TARGET_NAME = VirtualTourist;
			};
			name = Release;
		};
/* End XCBuildConfiguration section */

/* Begin XCConfigurationList section */
		E597833B20351A5000A88008 /* Build configuration list for PBXProject "VirtualTourist" */ = {
			isa = XCConfigurationList;
			buildConfigurations = (
				E597836920351A5000A88008 /* Debug */,
				E597836A20351A5000A88008 /* Release */,
			);
			defaultConfigurationIsVisible = 0;
			defaultConfigurationName = Release;
		};
		E597836B20351A5000A88008 /* Build configuration list for PBXNativeTarget "VirtualTourist" */ = {
			isa = XCConfigurationList;
			buildConfigurations = (
				E597836C20351A5000A88008 /* Debug */,
				E597836D20351A5000A88008 /* Release */,
			);
			defaultConfigurationIsVisible = 0;
			defaultConfigurationName = Release;
		};
		E597836E20351A5000A88008 /* Build configuration list for PBXNativeTarget "VirtualTouristTests" */ = {
			isa = XCConfigurationList;
			buildConfigurations = (
				E597836F20351A5000A88008 /* Debug */,
				E597837020351A5000A88008 /* Release */,
			);
			defaultConfigurationIsVisible = 0;
			defaultConfigurationName = Release;
		};
		E597837120351A5000A88008 /* Build configuration list for PBXNativeTarget "VirtualTouristUITests" */ = {
			isa = XCConfigurationList;
			buildConfigurations = (
				E597837220351A5000A88008 /* Debug */,
				E597837320351A5000A88008 /* Release */,
			);
			defaultConfigurationIsVisible = 0;
			defaultConfigurationName = Release;
		};
/* End XCConfigurationList section */

/* Begin XCVersionGroup section */
		E597834A20351A5000A88008 /* VirtualTourist.xcdatamodeld */ = {
			isa = XCVersionGroup;
			children = (
				E597834B20351A5000A88008 /* VirtualTourist.xcdatamodel */,
			);
			currentVersion = E597834B20351A5000A88008 /* VirtualTourist.xcdatamodel */;
			path = VirtualTourist.xcdatamodeld;
			sourceTree = "<group>";
			versionGroupType = wrapper.xcdatamodel;
		};
/* End XCVersionGroup section */
	};
	rootObject = E597833820351A5000A88008 /* Project object */;
}
